{
  "name": "BuildingBlox",
  "lockfileVersion": 3,
  "requires": true,
  "packages": {
    "": {
      "dependencies": {
        "emulators": "^8.3.9"
      }
    },
    "node_modules/emulators": {
      "version": "8.3.9",
      "resolved": "https://registry.npmjs.org/emulators/-/emulators-8.3.9.tgz",
      "integrity": "sha512-KRoi5rvWCrRTzboCQlftbASdsdmnAtkGQdBTcjXV9GZ9hmGL01cxDVUQYpKSH0O4Lcoatwb+2HcYUJFohijNmw==",
      "license": "GPL-2.0"
    }
  }
}
